{
  "nodes": {
    "nixpkgs": {
      "locked": {
        "lastModified": 1656032109,
        "narHash": "sha256-yVpOG/FDHQa8hzhTGoLFgplTCDH/+ydYsF7Mc3pMQfk=",
        "owner": "NixOS",
        "repo": "nixpkgs",
        "rev": "902d91def1efbea804f5158e5999cb113cedf04b",
        "type": "github"
      },
      "original": {
        "id": "nixpkgs",
        "ref": "nixos-21.11",
        "type": "indirect"
      }
    },
    "root": {
      "inputs": {
        "nixpkgs": "nixpkgs"
      }
    }
  },
  "root": "root",
  "version": 7
}
