{
  "nodes": {
    "nixpkgs": {
      "locked": {
        "lastModified": 1655946012,
        "narHash": "sha256-+QmcvgnRmGPbAlCIOAVHggIMH2GE7w76EI17jYDTmHc=",
        "owner": "NixOS",
        "repo": "nixpkgs",
        "rev": "3aad50c30c826430b0270fcf8264c8c41b005403",
        "type": "github"
      },
      "original": {
        "id": "nixpkgs",
        "ref": "nixos-21.11",
        "type": "indirect"
      }
    },
    "root": {
      "inputs": {
        "nixpkgs": "nixpkgs"
      }
    }
  },
  "root": "root",
  "version": 7
}
